github.com/PioneerRobot/core v0.0.1-alpha h1:hl7p+M0C4XR7RJx3NealpUz4NrWN/SAdkbFtQRJcT4g=
github.com/PioneerRobot/core v0.0.1-alpha/go.mod h1:+fyiKHMxKYEXqzk2kqFOkxAbjp8zTXu7vFdgtWnyWYw=
github.com/PioneerRobot/plugin v0.0.1-alpha h1:NQ+d5lc2Gn4G5AcK3+SkBBiGZxo0dRvd7/pImEJUObI=
github.com/PioneerRobot/plugin v0.0.1-alpha/go.mod h1:sqcUPKnft9/pcublViZeBPdtwQqg0KzkeqbJCd67/Lw=
